
Microsoft Visual Studio Solution File, Format Version 12.00
# Visual Studio Version 16
VisualStudioVersion = 16.0.31205.134
MinimumVisualStudioVersion = 10.0.40219.1
Project("{2150E333-8FDC-42A3-9474-1A3956D46DE8}") = "Classes", "Classes", "{AA102EE8-6346-4C34-9F82-87F42CF1C231}"
	ProjectSection(SolutionItems) = preProject
		Class1.cs = Class1.cs
	EndProjectSection
EndProject
Project("{2150E333-8FDC-42A3-9474-1A3956D46DE8}") = "Catalog", "Catalog", "{61B28C16-F5D4-4D6A-9B83-F28B8C7F261F}"
EndProject
Project("{FAE04EC0-301F-11D3-BF4B-00C04F79EFBC}") = "DLA", "DLA\DLA.csproj", "{823537FD-6E75-440E-81AF-ABF4CC014BBB}"
EndProject
Project("{FAE04EC0-301F-11D3-BF4B-00C04F79EFBC}") = "DLA.Tests", "DLA.Tests\DLA.Tests.csproj", "{E23EC3F7-8DBD-4D2C-83DE-79C6F879C82D}"
EndProject
Project("{FAE04EC0-301F-11D3-BF4B-00C04F79EFBC}") = "BLL", "BLL\BLL.csproj", "{F3E3F524-EDAC-4552-9E4E-22503DECA629}"
EndProject
Global
	GlobalSection(SolutionConfigurationPlatforms) = preSolution
		Debug|Any CPU = Debug|Any CPU
		Release|Any CPU = Release|Any CPU
	EndGlobalSection
	GlobalSection(ProjectConfigurationPlatforms) = postSolution
		{823537FD-6E75-440E-81AF-ABF4CC014BBB}.Debug|Any CPU.ActiveCfg = Debug|Any CPU
		{823537FD-6E75-440E-81AF-ABF4CC014BBB}.Debug|Any CPU.Build.0 = Debug|Any CPU
		{823537FD-6E75-440E-81AF-ABF4CC014BBB}.Release|Any CPU.ActiveCfg = Release|Any CPU
		{823537FD-6E75-440E-81AF-ABF4CC014BBB}.Release|Any CPU.Build.0 = Release|Any CPU
		{E23EC3F7-8DBD-4D2C-83DE-79C6F879C82D}.Debug|Any CPU.ActiveCfg = Debug|Any CPU
		{E23EC3F7-8DBD-4D2C-83DE-79C6F879C82D}.Debug|Any CPU.Build.0 = Debug|Any CPU
		{E23EC3F7-8DBD-4D2C-83DE-79C6F879C82D}.Release|Any CPU.ActiveCfg = Release|Any CPU
		{E23EC3F7-8DBD-4D2C-83DE-79C6F879C82D}.Release|Any CPU.Build.0 = Release|Any CPU
		{F3E3F524-EDAC-4552-9E4E-22503DECA629}.Debug|Any CPU.ActiveCfg = Debug|Any CPU
		{F3E3F524-EDAC-4552-9E4E-22503DECA629}.Debug|Any CPU.Build.0 = Debug|Any CPU
		{F3E3F524-EDAC-4552-9E4E-22503DECA629}.Release|Any CPU.ActiveCfg = Release|Any CPU
		{F3E3F524-EDAC-4552-9E4E-22503DECA629}.Release|Any CPU.Build.0 = Release|Any CPU
	EndGlobalSection
	GlobalSection(SolutionProperties) = preSolution
		HideSolutionNode = FALSE
	EndGlobalSection
	GlobalSection(NestedProjects) = preSolution
		{823537FD-6E75-440E-81AF-ABF4CC014BBB} = {61B28C16-F5D4-4D6A-9B83-F28B8C7F261F}
		{F3E3F524-EDAC-4552-9E4E-22503DECA629} = {61B28C16-F5D4-4D6A-9B83-F28B8C7F261F}
	EndGlobalSection
	GlobalSection(ExtensibilityGlobals) = postSolution
		SolutionGuid = {6397A761-2378-4DED-AB0C-1FD7C7376566}
	EndGlobalSection
EndGlobal
